
Microsoft Visual Studio Solution File, Format Version 12.00
Project("{FAE04EC0-301F-11D3-BF4B-00C04F79EFBC}") = "MsiBuilder", "MsiBuilder\MsiBuilder.csproj", "{1B92444D-20A0-4969-B789-EC4A5474696F}"
EndProject
Project("{FAE04EC0-301F-11D3-BF4B-00C04F79EFBC}") = "ConsoleApp1", "ConsoleApp1\ConsoleApp1.csproj", "{79CD5B60-3639-4BE9-A6D5-8D9D3F2647EF}"
EndProject
Global
	GlobalSection(SolutionConfigurationPlatforms) = preSolution
		Debug|Any CPU = Debug|Any CPU
		Release|Any CPU = Release|Any CPU
	EndGlobalSection
	GlobalSection(ProjectConfigurationPlatforms) = postSolution
		{1B92444D-20A0-4969-B789-EC4A5474696F}.Debug|Any CPU.ActiveCfg = Debug|Any CPU
		{1B92444D-20A0-4969-B789-EC4A5474696F}.Debug|Any CPU.Build.0 = Debug|Any CPU
		{1B92444D-20A0-4969-B789-EC4A5474696F}.Release|Any CPU.ActiveCfg = Release|Any CPU
		{1B92444D-20A0-4969-B789-EC4A5474696F}.Release|Any CPU.Build.0 = Release|Any CPU
		{79CD5B60-3639-4BE9-A6D5-8D9D3F2647EF}.Debug|Any CPU.ActiveCfg = Debug|Any CPU
		{79CD5B60-3639-4BE9-A6D5-8D9D3F2647EF}.Debug|Any CPU.Build.0 = Debug|Any CPU
		{79CD5B60-3639-4BE9-A6D5-8D9D3F2647EF}.Release|Any CPU.ActiveCfg = Release|Any CPU
		{79CD5B60-3639-4BE9-A6D5-8D9D3F2647EF}.Release|Any CPU.Build.0 = Release|Any CPU
	EndGlobalSection
EndGlobal
